<Solution>
  <Folder Name="/backend/" />
  <Folder Name="/backend/src/">
    <Project Path="backend/src/Mutils.Api/Mutils.Api.csproj" />
    <Project Path="backend/src/Mutils.Core/Mutils.Core.csproj" />
    <Project Path="backend/src/Mutils.Desktop/Mutils.Desktop.csproj" />
    <Project Path="backend/src/Mutils.Infrastructure/Mutils.Infrastructure.csproj" />
  </Folder>
</Solution>
